
Microsoft Visual Studio Solution File, Format Version 12.00
# Visual Studio 14
VisualStudioVersion = 14.0.23107.0
MinimumVisualStudioVersion = 10.0.40219.1
Project("{FAE04EC0-301F-11D3-BF4B-00C04F79EFBC}") = "DomainClasses", "DomainClasses\DomainClasses.csproj", "{314A95AB-BC2A-40FE-9182-5B1C2DBAF2ED}"
EndProject
Global
	GlobalSection(SolutionConfigurationPlatforms) = preSolution
		Debug|Any CPU = Debug|Any CPU
		Release|Any CPU = Release|Any CPU
	EndGlobalSection
	GlobalSection(ProjectConfigurationPlatforms) = postSolution
		{314A95AB-BC2A-40FE-9182-5B1C2DBAF2ED}.Debug|Any CPU.ActiveCfg = Debug|Any CPU
		{314A95AB-BC2A-40FE-9182-5B1C2DBAF2ED}.Debug|Any CPU.Build.0 = Debug|Any CPU
		{314A95AB-BC2A-40FE-9182-5B1C2DBAF2ED}.Release|Any CPU.ActiveCfg = Release|Any CPU
		{314A95AB-BC2A-40FE-9182-5B1C2DBAF2ED}.Release|Any CPU.Build.0 = Release|Any CPU
	EndGlobalSection
	GlobalSection(SolutionProperties) = preSolution
		HideSolutionNode = FALSE
	EndGlobalSection
EndGlobal
